{
  "name": "node-test-driver",
  "version": "1.0.0",
  "lockfileVersion": 2,
  "requires": true,
  "packages": {
    "": {
      "name": "node-test-driver",
      "version": "1.0.0",
      "license": "ISC"
    },
    "../../../../tmp/typescript-axios": {
      "extraneous": true,
      "license": "Unlicense",
      "dependencies": {
        "axios": "^0.19.2"
      },
      "devDependencies": {
        "@types/node": "^12.11.5",
        "typescript": "^3.6.4"
      }
    }
  }
}
